// !$*UTF8*$!
{
	archiveVersion = 1;
	classes = {
	};
	objectVersion = 50;
	objects = {

/* Begin PBXBuildFile section */
		184B666F22C1270500EF1CB9 /* AppDelegate.swift in Sources */ = {isa = PBXBuildFile; fileRef = 184B666E22C1270500EF1CB9 /* AppDelegate.swift */; };
		184B667122C1270500EF1CB9 /* ViewController.swift in Sources */ = {isa = PBXBuildFile; fileRef = 184B667022C1270500EF1CB9 /* ViewController.swift */; };
		184B667422C1270500EF1CB9 /* Main.storyboard in Resources */ = {isa = PBXBuildFile; fileRef = 184B667222C1270500EF1CB9 /* Main.storyboard */; };
		184B667722C1270500EF1CB9 /* to_do_list.xcdatamodeld in Sources */ = {isa = PBXBuildFile; fileRef = 184B667522C1270500EF1CB9 /* to_do_list.xcdatamodeld */; };
		184B667922C1270800EF1CB9 /* Assets.xcassets in Resources */ = {isa = PBXBuildFile; fileRef = 184B667822C1270800EF1CB9 /* Assets.xcassets */; };
		184B667C22C1270800EF1CB9 /* LaunchScreen.storyboard in Resources */ = {isa = PBXBuildFile; fileRef = 184B667A22C1270800EF1CB9 /* LaunchScreen.storyboard */; };
		184B668422C12AB500EF1CB9 /* ToDoTableViewController.swift in Sources */ = {isa = PBXBuildFile; fileRef = 184B668322C12AB500EF1CB9 /* ToDoTableViewController.swift */; };
		184B668622C12CB600EF1CB9 /* ToDo.swift in Sources */ = {isa = PBXBuildFile; fileRef = 184B668522C12CB600EF1CB9 /* ToDo.swift */; };
/* End PBXBuildFile section */

/* Begin PBXFileReference section */
		184B666B22C1270500EF1CB9 /* to_do_list.app */ = {isa = PBXFileReference; explicitFileType = wrapper.application; includeInIndex = 0; path = to_do_list.app; sourceTree = BUILT_PRODUCTS_DIR; };
		184B666E22C1270500EF1CB9 /* AppDelegate.swift */ = {isa = PBXFileReference; lastKnownFileType = sourcecode.swift; path = AppDelegate.swift; sourceTree = "<group>"; };
		184B667022C1270500EF1CB9 /* ViewController.swift */ = {isa = PBXFileReference; lastKnownFileType = sourcecode.swift; path = ViewController.swift; sourceTree = "<group>"; };
		184B667322C1270500EF1CB9 /* Base */ = {isa = PBXFileReference; lastKnownFileType = file.storyboard; name = Base; path = Base.lproj/Main.storyboard; sourceTree = "<group>"; };
		184B667622C1270500EF1CB9 /* to_do_list.xcdatamodel */ = {isa = PBXFileReference; lastKnownFileType = wrapper.xcdatamodel; path = to_do_list.xcdatamodel; sourceTree = "<group>"; };
		184B667822C1270800EF1CB9 /* Assets.xcassets */ = {isa = PBXFileReference; lastKnownFileType = folder.assetcatalog; path = Assets.xcassets; sourceTree = "<group>"; };
		184B667B22C1270800EF1CB9 /* Base */ = {isa = PBXFileReference; lastKnownFileType = file.storyboard; name = Base; path = Base.lproj/LaunchScreen.storyboard; sourceTree = "<group>"; };
		184B667D22C1270800EF1CB9 /* Info.plist */ = {isa = PBXFileReference; lastKnownFileType = text.plist.xml; path = Info.plist; sourceTree = "<group>"; };
		184B668322C12AB500EF1CB9 /* ToDoTableViewController.swift */ = {isa = PBXFileReference; lastKnownFileType = sourcecode.swift; path = ToDoTableViewController.swift; sourceTree = "<group>"; };
		184B668522C12CB600EF1CB9 /* ToDo.swift */ = {isa = PBXFileReference; lastKnownFileType = sourcecode.swift; path = ToDo.swift; sourceTree = "<group>"; };
/* End PBXFileReference section */

/* Begin PBXFrameworksBuildPhase section */
		184B666822C1270500EF1CB9 /* Frameworks */ = {
			isa = PBXFrameworksBuildPhase;
			buildActionMask = 2147483647;
			files = (
			);
			runOnlyForDeploymentPostprocessing = 0;
		};
/* End PBXFrameworksBuildPhase section */

/* Begin PBXGroup section */
		184B666222C1270500EF1CB9 = {
			isa = PBXGroup;
			children = (
				184B666D22C1270500EF1CB9 /* to_do_list */,
				184B666C22C1270500EF1CB9 /* Products */,
			);
			sourceTree = "<group>";
		};
		184B666C22C1270500EF1CB9 /* Products */ = {
			isa = PBXGroup;
			children = (
				184B666B22C1270500EF1CB9 /* to_do_list.app */,
			);
			name = Products;
			sourceTree = "<group>";
		};
		184B666D22C1270500EF1CB9 /* to_do_list */ = {
			isa = PBXGroup;
			children = (
				184B666E22C1270500EF1CB9 /* AppDelegate.swift */,
				184B667022C1270500EF1CB9 /* ViewController.swift */,
				184B667222C1270500EF1CB9 /* Main.storyboard */,
				184B668522C12CB600EF1CB9 /* ToDo.swift */,
				184B668322C12AB500EF1CB9 /* ToDoTableViewController.swift */,
				184B667822C1270800EF1CB9 /* Assets.xcassets */,
				184B667A22C1270800EF1CB9 /* LaunchScreen.storyboard */,
				184B667D22C1270800EF1CB9 /* Info.plist */,
				184B667522C1270500EF1CB9 /* to_do_list.xcdatamodeld */,
			);
			path = to_do_list;
			sourceTree = "<group>";
		};
/* End PBXGroup section */

/* Begin PBXNativeTarget section */
		184B666A22C1270500EF1CB9 /* to_do_list */ = {
			isa = PBXNativeTarget;
			buildConfigurationList = 184B668022C1270800EF1CB9 /* Build configuration list for PBXNativeTarget "to_do_list" */;
			buildPhases = (
				184B666722C1270500EF1CB9 /* Sources */,
				184B666822C1270500EF1CB9 /* Frameworks */,
				184B666922C1270500EF1CB9 /* Resources */,
			);
			buildRules = (
			);
			dependencies = (
			);
			name = to_do_list;
			productName = to_do_list;
			productReference = 184B666B22C1270500EF1CB9 /* to_do_list.app */;
			productType = "com.apple.product-type.application";
		};
/* End PBXNativeTarget section */

/* Begin PBXProject section */
		184B666322C1270500EF1CB9 /* Project object */ = {
			isa = PBXProject;
			attributes = {
				LastSwiftUpdateCheck = 1020;
				LastUpgradeCheck = 1020;
				ORGANIZATIONNAME = "Citlally Ruiz";
				TargetAttributes = {
					184B666A22C1270500EF1CB9 = {
						CreatedOnToolsVersion = 10.2.1;
					};
				};
			};
			buildConfigurationList = 184B666622C1270500EF1CB9 /* Build configuration list for PBXProject "to_do_list" */;
			compatibilityVersion = "Xcode 9.3";
			developmentRegion = en;
			hasScannedForEncodings = 0;
			knownRegions = (
				en,
				Base,
			);
			mainGroup = 184B666222C1270500EF1CB9;
			productRefGroup = 184B666C22C1270500EF1CB9 /* Products */;
			projectDirPath = "";
			projectRoot = "";
			targets = (
				184B666A22C1270500EF1CB9 /* to_do_list */,
			);
		};
/* End PBXProject section */

/* Begin PBXResourcesBuildPhase section */
		184B666922C1270500EF1CB9 /* Resources */ = {
			isa = PBXResourcesBuildPhase;
			buildActionMask = 2147483647;
			files = (
				184B667C22C1270800EF1CB9 /* LaunchScreen.storyboard in Resources */,
				184B667922C1270800EF1CB9 /* Assets.xcassets in Resources */,
				184B667422C1270500EF1CB9 /* Main.storyboard in Resources */,
			);
			runOnlyForDeploymentPostprocessing = 0;
		};
/* End PBXResourcesBuildPhase section */

/* Begin PBXSourcesBuildPhase section */
		184B666722C1270500EF1CB9 /* Sources */ = {
			isa = PBXSourcesBuildPhase;
			buildActionMask = 2147483647;
			files = (
				184B667122C1270500EF1CB9 /* ViewController.swift in Sources */,
				184B668622C12CB600EF1CB9 /* ToDo.swift in Sources */,
				184B668422C12AB500EF1CB9 /* ToDoTableViewController.swift in Sources */,
				184B666F22C1270500EF1CB9 /* AppDelegate.swift in Sources */,
				184B667722C1270500EF1CB9 /* to_do_list.xcdatamodeld in Sources */,
			);
			runOnlyForDeploymentPostprocessing = 0;
		};
/* End PBXSourcesBuildPhase section */

/* Begin PBXVariantGroup section */
		184B667222C1270500EF1CB9 /* Main.storyboard */ = {
			isa = PBXVariantGroup;
			children = (
				184B667322C1270500EF1CB9 /* Base */,
			);
			name = Main.storyboard;
			sourceTree = "<group>";
		};
		184B667A22C1270800EF1CB9 /* LaunchScreen.storyboard */ = {
			isa = PBXVariantGroup;
			children = (
				184B667B22C1270800EF1CB9 /* Base */,
			);
			name = LaunchScreen.storyboard;
			sourceTree = "<group>";
		};
/* End PBXVariantGroup section */

/* Begin XCBuildConfiguration section */
		184B667E22C1270800EF1CB9 /* Debug */ = {
			isa = XCBuildConfiguration;
			buildSettings = {
				ALWAYS_SEARCH_USER_PATHS = NO;
				CLANG_ANALYZER_NONNULL = YES;
				CLANG_ANALYZER_NUMBER_OBJECT_CONVERSION = YES_AGGRESSIVE;
				CLANG_CXX_LANGUAGE_STANDARD = "gnu++14";
				CLANG_CXX_LIBRARY = "libc++";
				CLANG_ENABLE_MODULES = YES;
				CLANG_ENABLE_OBJC_ARC = YES;
				CLANG_ENABLE_OBJC_WEAK = YES;
				CLANG_WARN_BLOCK_CAPTURE_AUTORELEASING = YES;
				CLANG_WARN_BOOL_CONVERSION = YES;
				CLANG_WARN_COMMA = YES;
				CLANG_WARN_CONSTANT_CONVERSION = YES;
				CLANG_WARN_DEPRECATED_OBJC_IMPLEMENTATIONS = YES;
				CLANG_WARN_DIRECT_OBJC_ISA_USAGE = YES_ERROR;
				CLANG_WARN_DOCUMENTATION_COMMENTS = YES;
				CLANG_WARN_EMPTY_BODY = YES;
				CLANG_WARN_ENUM_CONVERSION = YES;
				CLANG_WARN_INFINITE_RECURSION = YES;
				CLANG_WARN_INT_CONVERSION = YES;
				CLANG_WARN_NON_LITERAL_NULL_CONVERSION = YES;
				CLANG_WARN_OBJC_IMPLICIT_RETAIN_SELF = YES;
				CLANG_WARN_OBJC_LITERAL_CONVERSION = YES;
				CLANG_WARN_OBJC_ROOT_CLASS = YES_ERROR;
				CLANG_WARN_RANGE_LOOP_ANALYSIS = YES;
				CLANG_WARN_STRICT_PROTOTYPES = YES;
				CLANG_WARN_SUSPICIOUS_MOVE = YES;
				CLANG_WARN_UNGUARDED_AVAILABILITY = YES_AGGRESSIVE;
				CLANG_WARN_UNREACHABLE_CODE = YES;
				CLANG_WARN__DUPLICATE_METHOD_MATCH = YES;
				CODE_SIGN_IDENTITY = "iPhone Developer";
				COPY_PHASE_STRIP = NO;
				DEBUG_INFORMATION_FORMAT = dwarf;
				ENABLE_STRICT_OBJC_MSGSEND = YES;
				ENABLE_TESTABILITY = YES;
				GCC_C_LANGUAGE_STANDARD = gnu11;
				GCC_DYNAMIC_NO_PIC = NO;
				GCC_NO_COMMON_BLOCKS = YES;
				GCC_OPTIMIZATION_LEVEL = 0;
				GCC_PREPROCESSOR_DEFINITIONS = (
					"DEBUG=1",
					"$(inherited)",
				);
				GCC_WARN_64_TO_32_BIT_CONVERSION = YES;
				GCC_WARN_ABOUT_RETURN_TYPE = YES_ERROR;
				GCC_WARN_UNDECLARED_SELECTOR = YES;
				GCC_WARN_UNINITIALIZED_AUTOS = YES_AGGRESSIVE;
				GCC_WARN_UNUSED_FUNCTION = YES;
				GCC_WARN_UNUSED_VARIABLE = YES;
				IPHONEOS_DEPLOYMENT_TARGET = 12.2;
				MTL_ENABLE_DEBUG_INFO = INCLUDE_SOURCE;
				MTL_FAST_MATH = YES;
				ONLY_ACTIVE_ARCH = YES;
				SDKROOT = iphoneos;
				SWIFT_ACTIVE_COMPILATION_CONDITIONS = DEBUG;
				SWIFT_OPTIMIZATION_LEVEL = "-Onone";
			};
			name = Debug;
		};
		184B667F22C1270800EF1CB9 /* Release */ = {
			isa = XCBuildConfiguration;
			buildSettings = {
				ALWAYS_SEARCH_USER_PATHS = NO;
				CLANG_ANALYZER_NONNULL = YES;
				CLANG_ANALYZER_NUMBER_OBJECT_CONVERSION = YES_AGGRESSIVE;
				CLANG_CXX_LANGUAGE_STANDARD = "gnu++14";
				CLANG_CXX_LIBRARY = "libc++";
				CLANG_ENABLE_MODULES = YES;
				CLANG_ENABLE_OBJC_ARC = YES;
				CLANG_ENABLE_OBJC_WEAK = YES;
				CLANG_WARN_BLOCK_CAPTURE_AUTORELEASING = YES;
				CLANG_WARN_BOOL_CONVERSION = YES;
				CLANG_WARN_COMMA = YES;
				CLANG_WARN_CONSTANT_CONVERSION = YES;
				CLANG_WARN_DEPRECATED_OBJC_IMPLEMENTATIONS = YES;
				CLANG_WARN_DIRECT_OBJC_ISA_USAGE = YES_ERROR;
				CLANG_WARN_DOCUMENTATION_COMMENTS = YES;
				CLANG_WARN_EMPTY_BODY = YES;
				CLANG_WARN_ENUM_CONVERSION = YES;
				CLANG_WARN_INFINITE_RECURSION = YES;
				CLANG_WARN_INT_CONVERSION = YES;
				CLANG_WARN_NON_LITERAL_NULL_CONVERSION = YES;
				CLANG_WARN_OBJC_IMPLICIT_RETAIN_SELF = YES;
				CLANG_WARN_OBJC_LITERAL_CONVERSION = YES;
				CLANG_WARN_OBJC_ROOT_CLASS = YES_ERROR;
				CLANG_WARN_RANGE_LOOP_ANALYSIS = YES;
				CLANG_WARN_STRICT_PROTOTYPES = YES;
				CLANG_WARN_SUSPICIOUS_MOVE = YES;
				CLANG_WARN_UNGUARDED_AVAILABILITY = YES_AGGRESSIVE;
				CLANG_WARN_UNREACHABLE_CODE = YES;
				CLANG_WARN__DUPLICATE_METHOD_MATCH = YES;
				CODE_SIGN_IDENTITY = "iPhone Developer";
				COPY_PHASE_STRIP = NO;
				DEBUG_INFORMATION_FORMAT = "dwarf-with-dsym";
				ENABLE_NS_ASSERTIONS = NO;
				ENABLE_STRICT_OBJC_MSGSEND = YES;
				GCC_C_LANGUAGE_STANDARD = gnu11;
				GCC_NO_COMMON_BLOCKS = YES;
				GCC_WARN_64_TO_32_BIT_CONVERSION = YES;
				GCC_WARN_ABOUT_RETURN_TYPE = YES_ERROR;
				GCC_WARN_UNDECLARED_SELECTOR = YES;
				GCC_WARN_UNINITIALIZED_AUTOS = YES_AGGRESSIVE;
				GCC_WARN_UNUSED_FUNCTION = YES;
				GCC_WARN_UNUSED_VARIABLE = YES;
				IPHONEOS_DEPLOYMENT_TARGET = 12.2;
				MTL_ENABLE_DEBUG_INFO = NO;
				MTL_FAST_MATH = YES;
				SDKROOT = iphoneos;
				SWIFT_COMPILATION_MODE = wholemodule;
				SWIFT_OPTIMIZATION_LEVEL = "-O";
				VALIDATE_PRODUCT = YES;
			};
			name = Release;
		};
		184B668122C1270800EF1CB9 /* Debug */ = {
			isa = XCBuildConfiguration;
			buildSettings = {
				ASSETCATALOG_COMPILER_APPICON_NAME = AppIcon;
				CODE_SIGN_STYLE = Automatic;
				INFOPLIST_FILE = to_do_list/Info.plist;
				LD_RUNPATH_SEARCH_PATHS = (
					"$(inherited)",
					"@executable_path/Frameworks",
				);
				PRODUCT_BUNDLE_IDENTIFIER = "kwk.to-do-list";
				PRODUCT_NAME = "$(TARGET_NAME)";
				SWIFT_VERSION = 5.0;
				TARGETED_DEVICE_FAMILY = "1,2";
			};
			name = Debug;
		};
		184B668222C1270800EF1CB9 /* Release */ = {
			isa = XCBuildConfiguration;
			buildSettings = {
				ASSETCATALOG_COMPILER_APPICON_NAME = AppIcon;
				CODE_SIGN_STYLE = Automatic;
				INFOPLIST_FILE = to_do_list/Info.plist;
				LD_RUNPATH_SEARCH_PATHS = (
					"$(inherited)",
					"@executable_path/Frameworks",
				);
				PRODUCT_BUNDLE_IDENTIFIER = "kwk.to-do-list";
				PRODUCT_NAME = "$(TARGET_NAME)";
				SWIFT_VERSION = 5.0;
				TARGETED_DEVICE_FAMILY = "1,2";
			};
			name = Release;
		};
/* End XCBuildConfiguration section */

/* Begin XCConfigurationList section */
		184B666622C1270500EF1CB9 /* Build configuration list for PBXProject "to_do_list" */ = {
			isa = XCConfigurationList;
			buildConfigurations = (
				184B667E22C1270800EF1CB9 /* Debug */,
				184B667F22C1270800EF1CB9 /* Release */,
			);
			defaultConfigurationIsVisible = 0;
			defaultConfigurationName = Release;
		};
		184B668022C1270800EF1CB9 /* Build configuration list for PBXNativeTarget "to_do_list" */ = {
			isa = XCConfigurationList;
			buildConfigurations = (
				184B668122C1270800EF1CB9 /* Debug */,
				184B668222C1270800EF1CB9 /* Release */,
			);
			defaultConfigurationIsVisible = 0;
			defaultConfigurationName = Release;
		};
/* End XCConfigurationList section */

/* Begin XCVersionGroup section */
		184B667522C1270500EF1CB9 /* to_do_list.xcdatamodeld */ = {
			isa = XCVersionGroup;
			children = (
				184B667622C1270500EF1CB9 /* to_do_list.xcdatamodel */,
			);
			currentVersion = 184B667622C1270500EF1CB9 /* to_do_list.xcdatamodel */;
			path = to_do_list.xcdatamodeld;
			sourceTree = "<group>";
			versionGroupType = wrapper.xcdatamodel;
		};
/* End XCVersionGroup section */
	};
	rootObject = 184B666322C1270500EF1CB9 /* Project object */;
}
